
Microsoft Visual Studio Solution File, Format Version 12.00
# Visual Studio Version 17
VisualStudioVersion = 17.0.31903.59
MinimumVisualStudioVersion = 10.0.40219.1
Project("{9A19103F-16F7-4668-BE54-9A1E7A4F7556}") = "Application", "Application\Application.csproj", "{C2F494D5-2E0F-4652-AC20-0E455013AF95}"
EndProject
Project("{2150E333-8FDC-42A3-9474-1A3956D46DE8}") = "Documents", "Documents", "{3DBB3AE2-C158-4DB7-9972-F7F1575FE9BC}"
EndProject
Project("{2150E333-8FDC-42A3-9474-1A3956D46DE8}") = "Source", "Source", "{AE333E52-3852-4E82-940E-137ECAC94E3F}"
EndProject
Project("{2150E333-8FDC-42A3-9474-1A3956D46DE8}") = "Test", "Test", "{13E14087-2D63-4F1C-85A5-01FF13490F05}"
EndProject
Project("{2150E333-8FDC-42A3-9474-1A3956D46DE8}") = "Common", "Common", "{B8B9AB36-B607-4363-9CD4-55E98B0D1D13}"
EndProject
Project("{2150E333-8FDC-42A3-9474-1A3956D46DE8}") = "Core", "Core", "{C5708C61-4EB8-4461-B2C4-FAA4D64DE480}"
EndProject
Project("{2150E333-8FDC-42A3-9474-1A3956D46DE8}") = "Infrastructure", "Infrastructure", "{ACD1F7A0-93F3-436B-BED0-DBAF037478D6}"
EndProject
Project("{2150E333-8FDC-42A3-9474-1A3956D46DE8}") = "Presentation", "Presentation", "{FE2D624E-9AA0-4C31-9DC1-740AC60E021F}"
EndProject
Project("{9A19103F-16F7-4668-BE54-9A1E7A4F7556}") = "Domain", "Domain\Domain.csproj", "{56B1D92A-539F-4F7B-B590-77E5A86F72B4}"
EndProject
Project("{9A19103F-16F7-4668-BE54-9A1E7A4F7556}") = "Endpoint.Site", "Endpoint.Site\Endpoint.Site.csproj", "{D3D38DE2-4ED6-4F88-8729-06E2313B00C8}"
EndProject
Project("{9A19103F-16F7-4668-BE54-9A1E7A4F7556}") = "Common", "Common\Common.csproj", "{F4AA6B0C-4AA1-4FFA-B2B7-2F2890197AF2}"
EndProject
Project("{9A19103F-16F7-4668-BE54-9A1E7A4F7556}") = "Infrastructure", "Infrastructure\Infrastructure.csproj", "{183EF71D-9A0A-49A5-A9C1-B566B3AE720D}"
EndProject
Project("{9A19103F-16F7-4668-BE54-9A1E7A4F7556}") = "Persistence", "Persistence\Persistence.csproj", "{9B588326-D9B0-4BCC-9427-E288FDFAAEAB}"
EndProject
Project("{9A19103F-16F7-4668-BE54-9A1E7A4F7556}") = "ApplicationTest", "ApplicationTest\ApplicationTest.csproj", "{8BAE3315-047F-427F-B2A2-C385DFA65049}"
EndProject
Project("{2150E333-8FDC-42A3-9474-1A3956D46DE8}") = "TestingData", "TestingData", "{ACE7ECF5-9D6A-412C-9E98-31E1F99D169C}"
EndProject
Project("{9A19103F-16F7-4668-BE54-9A1E7A4F7556}") = "TestingData", "UserData\TestingData.csproj", "{F8674A31-8B2B-4ED8-97B9-DF211A02DDAD}"
EndProject
Project("{FAE04EC0-301F-11D3-BF4B-00C04F79EFBC}") = "Endpoint.WebApi", "Endpoint.WebApi\Endpoint.WebApi.csproj", "{A212ED4A-4DD3-46C7-9BAA-BFB269811459}"
EndProject
Global
	GlobalSection(SolutionConfigurationPlatforms) = preSolution
		Debug|Any CPU = Debug|Any CPU
		Release|Any CPU = Release|Any CPU
	EndGlobalSection
	GlobalSection(ProjectConfigurationPlatforms) = postSolution
		{C2F494D5-2E0F-4652-AC20-0E455013AF95}.Debug|Any CPU.ActiveCfg = Debug|Any CPU
		{C2F494D5-2E0F-4652-AC20-0E455013AF95}.Debug|Any CPU.Build.0 = Debug|Any CPU
		{C2F494D5-2E0F-4652-AC20-0E455013AF95}.Release|Any CPU.ActiveCfg = Release|Any CPU
		{C2F494D5-2E0F-4652-AC20-0E455013AF95}.Release|Any CPU.Build.0 = Release|Any CPU
		{56B1D92A-539F-4F7B-B590-77E5A86F72B4}.Debug|Any CPU.ActiveCfg = Debug|Any CPU
		{56B1D92A-539F-4F7B-B590-77E5A86F72B4}.Debug|Any CPU.Build.0 = Debug|Any CPU
		{56B1D92A-539F-4F7B-B590-77E5A86F72B4}.Release|Any CPU.ActiveCfg = Release|Any CPU
		{56B1D92A-539F-4F7B-B590-77E5A86F72B4}.Release|Any CPU.Build.0 = Release|Any CPU
		{D3D38DE2-4ED6-4F88-8729-06E2313B00C8}.Debug|Any CPU.ActiveCfg = Debug|Any CPU
		{D3D38DE2-4ED6-4F88-8729-06E2313B00C8}.Debug|Any CPU.Build.0 = Debug|Any CPU
		{D3D38DE2-4ED6-4F88-8729-06E2313B00C8}.Release|Any CPU.ActiveCfg = Release|Any CPU
		{D3D38DE2-4ED6-4F88-8729-06E2313B00C8}.Release|Any CPU.Build.0 = Release|Any CPU
		{F4AA6B0C-4AA1-4FFA-B2B7-2F2890197AF2}.Debug|Any CPU.ActiveCfg = Debug|Any CPU
		{F4AA6B0C-4AA1-4FFA-B2B7-2F2890197AF2}.Debug|Any CPU.Build.0 = Debug|Any CPU
		{F4AA6B0C-4AA1-4FFA-B2B7-2F2890197AF2}.Release|Any CPU.ActiveCfg = Release|Any CPU
		{F4AA6B0C-4AA1-4FFA-B2B7-2F2890197AF2}.Release|Any CPU.Build.0 = Release|Any CPU
		{183EF71D-9A0A-49A5-A9C1-B566B3AE720D}.Debug|Any CPU.ActiveCfg = Debug|Any CPU
		{183EF71D-9A0A-49A5-A9C1-B566B3AE720D}.Debug|Any CPU.Build.0 = Debug|Any CPU
		{183EF71D-9A0A-49A5-A9C1-B566B3AE720D}.Release|Any CPU.ActiveCfg = Release|Any CPU
		{183EF71D-9A0A-49A5-A9C1-B566B3AE720D}.Release|Any CPU.Build.0 = Release|Any CPU
		{9B588326-D9B0-4BCC-9427-E288FDFAAEAB}.Debug|Any CPU.ActiveCfg = Debug|Any CPU
		{9B588326-D9B0-4BCC-9427-E288FDFAAEAB}.Debug|Any CPU.Build.0 = Debug|Any CPU
		{9B588326-D9B0-4BCC-9427-E288FDFAAEAB}.Release|Any CPU.ActiveCfg = Release|Any CPU
		{9B588326-D9B0-4BCC-9427-E288FDFAAEAB}.Release|Any CPU.Build.0 = Release|Any CPU
		{8BAE3315-047F-427F-B2A2-C385DFA65049}.Debug|Any CPU.ActiveCfg = Debug|Any CPU
		{8BAE3315-047F-427F-B2A2-C385DFA65049}.Debug|Any CPU.Build.0 = Debug|Any CPU
		{8BAE3315-047F-427F-B2A2-C385DFA65049}.Release|Any CPU.ActiveCfg = Release|Any CPU
		{8BAE3315-047F-427F-B2A2-C385DFA65049}.Release|Any CPU.Build.0 = Release|Any CPU
		{F8674A31-8B2B-4ED8-97B9-DF211A02DDAD}.Debug|Any CPU.ActiveCfg = Debug|Any CPU
		{F8674A31-8B2B-4ED8-97B9-DF211A02DDAD}.Debug|Any CPU.Build.0 = Debug|Any CPU
		{F8674A31-8B2B-4ED8-97B9-DF211A02DDAD}.Release|Any CPU.ActiveCfg = Release|Any CPU
		{F8674A31-8B2B-4ED8-97B9-DF211A02DDAD}.Release|Any CPU.Build.0 = Release|Any CPU
		{A212ED4A-4DD3-46C7-9BAA-BFB269811459}.Debug|Any CPU.ActiveCfg = Debug|Any CPU
		{A212ED4A-4DD3-46C7-9BAA-BFB269811459}.Debug|Any CPU.Build.0 = Debug|Any CPU
		{A212ED4A-4DD3-46C7-9BAA-BFB269811459}.Release|Any CPU.ActiveCfg = Release|Any CPU
		{A212ED4A-4DD3-46C7-9BAA-BFB269811459}.Release|Any CPU.Build.0 = Release|Any CPU
	EndGlobalSection
	GlobalSection(SolutionProperties) = preSolution
		HideSolutionNode = FALSE
	EndGlobalSection
	GlobalSection(NestedProjects) = preSolution
		{C2F494D5-2E0F-4652-AC20-0E455013AF95} = {C5708C61-4EB8-4461-B2C4-FAA4D64DE480}
		{B8B9AB36-B607-4363-9CD4-55E98B0D1D13} = {AE333E52-3852-4E82-940E-137ECAC94E3F}
		{C5708C61-4EB8-4461-B2C4-FAA4D64DE480} = {AE333E52-3852-4E82-940E-137ECAC94E3F}
		{ACD1F7A0-93F3-436B-BED0-DBAF037478D6} = {AE333E52-3852-4E82-940E-137ECAC94E3F}
		{FE2D624E-9AA0-4C31-9DC1-740AC60E021F} = {AE333E52-3852-4E82-940E-137ECAC94E3F}
		{56B1D92A-539F-4F7B-B590-77E5A86F72B4} = {C5708C61-4EB8-4461-B2C4-FAA4D64DE480}
		{D3D38DE2-4ED6-4F88-8729-06E2313B00C8} = {FE2D624E-9AA0-4C31-9DC1-740AC60E021F}
		{F4AA6B0C-4AA1-4FFA-B2B7-2F2890197AF2} = {B8B9AB36-B607-4363-9CD4-55E98B0D1D13}
		{183EF71D-9A0A-49A5-A9C1-B566B3AE720D} = {ACD1F7A0-93F3-436B-BED0-DBAF037478D6}
		{9B588326-D9B0-4BCC-9427-E288FDFAAEAB} = {ACD1F7A0-93F3-436B-BED0-DBAF037478D6}
		{8BAE3315-047F-427F-B2A2-C385DFA65049} = {13E14087-2D63-4F1C-85A5-01FF13490F05}
		{ACE7ECF5-9D6A-412C-9E98-31E1F99D169C} = {13E14087-2D63-4F1C-85A5-01FF13490F05}
		{F8674A31-8B2B-4ED8-97B9-DF211A02DDAD} = {ACE7ECF5-9D6A-412C-9E98-31E1F99D169C}
		{A212ED4A-4DD3-46C7-9BAA-BFB269811459} = {FE2D624E-9AA0-4C31-9DC1-740AC60E021F}
	EndGlobalSection
	GlobalSection(ExtensibilityGlobals) = postSolution
		SolutionGuid = {CCF7457B-ED59-4035-9541-68620F461DEB}
	EndGlobalSection
EndGlobal
